// !$*UTF8*$!
{
	archiveVersion = 1;
	classes = {
	};
	objectVersion = 48;
	objects = {

/* Begin PBXBuildFile section */
		3280F8CE2044DE3F00F94EF8 /* main.swift in Sources */ = {isa = PBXBuildFile; fileRef = 3280F8CD2044DE3F00F94EF8 /* main.swift */; };
		3280F8D52044EB4300F94EF8 /* User.swift in Sources */ = {isa = PBXBuildFile; fileRef = 3280F8D42044EB4300F94EF8 /* User.swift */; };
		3280F8D82044EBA400F94EF8 /* Repository.swift in Sources */ = {isa = PBXBuildFile; fileRef = 3280F8D72044EBA400F94EF8 /* Repository.swift */; };
		3280F8DA2044EEB900F94EF8 /* SearchResponse.swift in Sources */ = {isa = PBXBuildFile; fileRef = 3280F8D92044EEB900F94EF8 /* SearchResponse.swift */; };
		3280F8DC2044F11C00F94EF8 /* GitHubClientError.swift in Sources */ = {isa = PBXBuildFile; fileRef = 3280F8DB2044F11C00F94EF8 /* GitHubClientError.swift */; };
		3280F8DF2044F24800F94EF8 /* GitHubAPIError.swift in Sources */ = {isa = PBXBuildFile; fileRef = 3280F8DE2044F24800F94EF8 /* GitHubAPIError.swift */; };
		3280F8E22044F47400F94EF8 /* GitHubRequest.swift in Sources */ = {isa = PBXBuildFile; fileRef = 3280F8E12044F47400F94EF8 /* GitHubRequest.swift */; };
		3280F8E42044F5DE00F94EF8 /* HTTPMethod.swift in Sources */ = {isa = PBXBuildFile; fileRef = 3280F8E32044F5DE00F94EF8 /* HTTPMethod.swift */; };
		3280F8E62044F8DF00F94EF8 /* GitHubAPI.swift in Sources */ = {isa = PBXBuildFile; fileRef = 3280F8E52044F8DF00F94EF8 /* GitHubAPI.swift */; };
/* End PBXBuildFile section */

/* Begin PBXCopyFilesBuildPhase section */
		3280F8C82044DE3F00F94EF8 /* CopyFiles */ = {
			isa = PBXCopyFilesBuildPhase;
			buildActionMask = 2147483647;
			dstPath = /usr/share/man/man1/;
			dstSubfolderSpec = 0;
			files = (
			);
			runOnlyForDeploymentPostprocessing = 1;
		};
/* End PBXCopyFilesBuildPhase section */

/* Begin PBXFileReference section */
		3280F8CA2044DE3F00F94EF8 /* GitHubSearchRepository */ = {isa = PBXFileReference; explicitFileType = "compiled.mach-o.executable"; includeInIndex = 0; path = GitHubSearchRepository; sourceTree = BUILT_PRODUCTS_DIR; };
		3280F8CD2044DE3F00F94EF8 /* main.swift */ = {isa = PBXFileReference; lastKnownFileType = sourcecode.swift; path = main.swift; sourceTree = "<group>"; };
		3280F8D42044EB4300F94EF8 /* User.swift */ = {isa = PBXFileReference; lastKnownFileType = sourcecode.swift; path = User.swift; sourceTree = "<group>"; };
		3280F8D72044EBA400F94EF8 /* Repository.swift */ = {isa = PBXFileReference; lastKnownFileType = sourcecode.swift; path = Repository.swift; sourceTree = "<group>"; };
		3280F8D92044EEB900F94EF8 /* SearchResponse.swift */ = {isa = PBXFileReference; lastKnownFileType = sourcecode.swift; path = SearchResponse.swift; sourceTree = "<group>"; };
		3280F8DB2044F11C00F94EF8 /* GitHubClientError.swift */ = {isa = PBXFileReference; lastKnownFileType = sourcecode.swift; path = GitHubClientError.swift; sourceTree = "<group>"; };
		3280F8DE2044F24800F94EF8 /* GitHubAPIError.swift */ = {isa = PBXFileReference; lastKnownFileType = sourcecode.swift; path = GitHubAPIError.swift; sourceTree = "<group>"; };
		3280F8E12044F47400F94EF8 /* GitHubRequest.swift */ = {isa = PBXFileReference; lastKnownFileType = sourcecode.swift; path = GitHubRequest.swift; sourceTree = "<group>"; };
		3280F8E32044F5DE00F94EF8 /* HTTPMethod.swift */ = {isa = PBXFileReference; lastKnownFileType = sourcecode.swift; path = HTTPMethod.swift; sourceTree = "<group>"; };
		3280F8E52044F8DF00F94EF8 /* GitHubAPI.swift */ = {isa = PBXFileReference; lastKnownFileType = sourcecode.swift; path = GitHubAPI.swift; sourceTree = "<group>"; };
/* End PBXFileReference section */

/* Begin PBXFrameworksBuildPhase section */
		3280F8C72044DE3F00F94EF8 /* Frameworks */ = {
			isa = PBXFrameworksBuildPhase;
			buildActionMask = 2147483647;
			files = (
			);
			runOnlyForDeploymentPostprocessing = 0;
		};
/* End PBXFrameworksBuildPhase section */

/* Begin PBXGroup section */
		3280F8C12044DE3F00F94EF8 = {
			isa = PBXGroup;
			children = (
				3280F8CC2044DE3F00F94EF8 /* GitHubSearchRepository */,
				3280F8CB2044DE3F00F94EF8 /* Products */,
			);
			sourceTree = "<group>";
		};
		3280F8CB2044DE3F00F94EF8 /* Products */ = {
			isa = PBXGroup;
			children = (
				3280F8CA2044DE3F00F94EF8 /* GitHubSearchRepository */,
			);
			name = Products;
			sourceTree = "<group>";
		};
		3280F8CC2044DE3F00F94EF8 /* GitHubSearchRepository */ = {
			isa = PBXGroup;
			children = (
				3280F8CD2044DE3F00F94EF8 /* main.swift */,
				3280F8DD2044F11F00F94EF8 /* Error */,
				3280F8E02044F44200F94EF8 /* Request */,
				3280F8D62044EB7B00F94EF8 /* Response */,
			);
			path = GitHubSearchRepository;
			sourceTree = "<group>";
		};
		3280F8D62044EB7B00F94EF8 /* Response */ = {
			isa = PBXGroup;
			children = (
				3280F8D42044EB4300F94EF8 /* User.swift */,
				3280F8D72044EBA400F94EF8 /* Repository.swift */,
				3280F8D92044EEB900F94EF8 /* SearchResponse.swift */,
			);
			path = Response;
			sourceTree = "<group>";
		};
		3280F8DD2044F11F00F94EF8 /* Error */ = {
			isa = PBXGroup;
			children = (
				3280F8DB2044F11C00F94EF8 /* GitHubClientError.swift */,
				3280F8DE2044F24800F94EF8 /* GitHubAPIError.swift */,
			);
			path = Error;
			sourceTree = "<group>";
		};
		3280F8E02044F44200F94EF8 /* Request */ = {
			isa = PBXGroup;
			children = (
				3280F8E12044F47400F94EF8 /* GitHubRequest.swift */,
				3280F8E32044F5DE00F94EF8 /* HTTPMethod.swift */,
				3280F8E52044F8DF00F94EF8 /* GitHubAPI.swift */,
			);
			path = Request;
			sourceTree = "<group>";
		};
/* End PBXGroup section */

/* Begin PBXNativeTarget section */
		3280F8C92044DE3F00F94EF8 /* GitHubSearchRepository */ = {
			isa = PBXNativeTarget;
			buildConfigurationList = 3280F8D12044DE3F00F94EF8 /* Build configuration list for PBXNativeTarget "GitHubSearchRepository" */;
			buildPhases = (
				3280F8C62044DE3F00F94EF8 /* Sources */,
				3280F8C72044DE3F00F94EF8 /* Frameworks */,
				3280F8C82044DE3F00F94EF8 /* CopyFiles */,
			);
			buildRules = (
			);
			dependencies = (
			);
			name = GitHubSearchRepository;
			productName = GitHubSearchRepository;
			productReference = 3280F8CA2044DE3F00F94EF8 /* GitHubSearchRepository */;
			productType = "com.apple.product-type.tool";
		};
/* End PBXNativeTarget section */

/* Begin PBXProject section */
		3280F8C22044DE3F00F94EF8 /* Project object */ = {
			isa = PBXProject;
			attributes = {
				LastSwiftUpdateCheck = 0920;
				LastUpgradeCheck = 0920;
				ORGANIZATIONNAME = mzgk;
				TargetAttributes = {
					3280F8C92044DE3F00F94EF8 = {
						CreatedOnToolsVersion = 9.2;
						ProvisioningStyle = Automatic;
					};
				};
			};
			buildConfigurationList = 3280F8C52044DE3F00F94EF8 /* Build configuration list for PBXProject "GitHubSearchRepository" */;
			compatibilityVersion = "Xcode 8.0";
			developmentRegion = en;
			hasScannedForEncodings = 0;
			knownRegions = (
				en,
			);
			mainGroup = 3280F8C12044DE3F00F94EF8;
			productRefGroup = 3280F8CB2044DE3F00F94EF8 /* Products */;
			projectDirPath = "";
			projectRoot = "";
			targets = (
				3280F8C92044DE3F00F94EF8 /* GitHubSearchRepository */,
			);
		};
/* End PBXProject section */

/* Begin PBXSourcesBuildPhase section */
		3280F8C62044DE3F00F94EF8 /* Sources */ = {
			isa = PBXSourcesBuildPhase;
			buildActionMask = 2147483647;
			files = (
				3280F8DA2044EEB900F94EF8 /* SearchResponse.swift in Sources */,
				3280F8E62044F8DF00F94EF8 /* GitHubAPI.swift in Sources */,
				3280F8D52044EB4300F94EF8 /* User.swift in Sources */,
				3280F8CE2044DE3F00F94EF8 /* main.swift in Sources */,
				3280F8D82044EBA400F94EF8 /* Repository.swift in Sources */,
				3280F8E42044F5DE00F94EF8 /* HTTPMethod.swift in Sources */,
				3280F8E22044F47400F94EF8 /* GitHubRequest.swift in Sources */,
				3280F8DF2044F24800F94EF8 /* GitHubAPIError.swift in Sources */,
				3280F8DC2044F11C00F94EF8 /* GitHubClientError.swift in Sources */,
			);
			runOnlyForDeploymentPostprocessing = 0;
		};
/* End PBXSourcesBuildPhase section */

/* Begin XCBuildConfiguration section */
		3280F8CF2044DE3F00F94EF8 /* Debug */ = {
			isa = XCBuildConfiguration;
			buildSettings = {
				ALWAYS_SEARCH_USER_PATHS = NO;
				CLANG_ANALYZER_NONNULL = YES;
				CLANG_ANALYZER_NUMBER_OBJECT_CONVERSION = YES_AGGRESSIVE;
				CLANG_CXX_LANGUAGE_STANDARD = "gnu++14";
				CLANG_CXX_LIBRARY = "libc++";
				CLANG_ENABLE_MODULES = YES;
				CLANG_ENABLE_OBJC_ARC = YES;
				CLANG_WARN_BLOCK_CAPTURE_AUTORELEASING = YES;
				CLANG_WARN_BOOL_CONVERSION = YES;
				CLANG_WARN_COMMA = YES;
				CLANG_WARN_CONSTANT_CONVERSION = YES;
				CLANG_WARN_DIRECT_OBJC_ISA_USAGE = YES_ERROR;
				CLANG_WARN_DOCUMENTATION_COMMENTS = YES;
				CLANG_WARN_EMPTY_BODY = YES;
				CLANG_WARN_ENUM_CONVERSION = YES;
				CLANG_WARN_INFINITE_RECURSION = YES;
				CLANG_WARN_INT_CONVERSION = YES;
				CLANG_WARN_NON_LITERAL_NULL_CONVERSION = YES;
				CLANG_WARN_OBJC_LITERAL_CONVERSION = YES;
				CLANG_WARN_OBJC_ROOT_CLASS = YES_ERROR;
				CLANG_WARN_RANGE_LOOP_ANALYSIS = YES;
				CLANG_WARN_STRICT_PROTOTYPES = YES;
				CLANG_WARN_SUSPICIOUS_MOVE = YES;
				CLANG_WARN_UNGUARDED_AVAILABILITY = YES_AGGRESSIVE;
				CLANG_WARN_UNREACHABLE_CODE = YES;
				CLANG_WARN__DUPLICATE_METHOD_MATCH = YES;
				CODE_SIGN_IDENTITY = "Mac Developer";
				COPY_PHASE_STRIP = NO;
				DEBUG_INFORMATION_FORMAT = dwarf;
				ENABLE_STRICT_OBJC_MSGSEND = YES;
				ENABLE_TESTABILITY = YES;
				GCC_C_LANGUAGE_STANDARD = gnu11;
				GCC_DYNAMIC_NO_PIC = NO;
				GCC_NO_COMMON_BLOCKS = YES;
				GCC_OPTIMIZATION_LEVEL = 0;
				GCC_PREPROCESSOR_DEFINITIONS = (
					"DEBUG=1",
					"$(inherited)",
				);
				GCC_WARN_64_TO_32_BIT_CONVERSION = YES;
				GCC_WARN_ABOUT_RETURN_TYPE = YES_ERROR;
				GCC_WARN_UNDECLARED_SELECTOR = YES;
				GCC_WARN_UNINITIALIZED_AUTOS = YES_AGGRESSIVE;
				GCC_WARN_UNUSED_FUNCTION = YES;
				GCC_WARN_UNUSED_VARIABLE = YES;
				MACOSX_DEPLOYMENT_TARGET = 10.13;
				MTL_ENABLE_DEBUG_INFO = YES;
				ONLY_ACTIVE_ARCH = YES;
				SDKROOT = macosx;
				SWIFT_ACTIVE_COMPILATION_CONDITIONS = DEBUG;
				SWIFT_OPTIMIZATION_LEVEL = "-Onone";
			};
			name = Debug;
		};
		3280F8D02044DE3F00F94EF8 /* Release */ = {
			isa = XCBuildConfiguration;
			buildSettings = {
				ALWAYS_SEARCH_USER_PATHS = NO;
				CLANG_ANALYZER_NONNULL = YES;
				CLANG_ANALYZER_NUMBER_OBJECT_CONVERSION = YES_AGGRESSIVE;
				CLANG_CXX_LANGUAGE_STANDARD = "gnu++14";
				CLANG_CXX_LIBRARY = "libc++";
				CLANG_ENABLE_MODULES = YES;
				CLANG_ENABLE_OBJC_ARC = YES;
				CLANG_WARN_BLOCK_CAPTURE_AUTORELEASING = YES;
				CLANG_WARN_BOOL_CONVERSION = YES;
				CLANG_WARN_COMMA = YES;
				CLANG_WARN_CONSTANT_CONVERSION = YES;
				CLANG_WARN_DIRECT_OBJC_ISA_USAGE = YES_ERROR;
				CLANG_WARN_DOCUMENTATION_COMMENTS = YES;
				CLANG_WARN_EMPTY_BODY = YES;
				CLANG_WARN_ENUM_CONVERSION = YES;
				CLANG_WARN_INFINITE_RECURSION = YES;
				CLANG_WARN_INT_CONVERSION = YES;
				CLANG_WARN_NON_LITERAL_NULL_CONVERSION = YES;
				CLANG_WARN_OBJC_LITERAL_CONVERSION = YES;
				CLANG_WARN_OBJC_ROOT_CLASS = YES_ERROR;
				CLANG_WARN_RANGE_LOOP_ANALYSIS = YES;
				CLANG_WARN_STRICT_PROTOTYPES = YES;
				CLANG_WARN_SUSPICIOUS_MOVE = YES;
				CLANG_WARN_UNGUARDED_AVAILABILITY = YES_AGGRESSIVE;
				CLANG_WARN_UNREACHABLE_CODE = YES;
				CLANG_WARN__DUPLICATE_METHOD_MATCH = YES;
				CODE_SIGN_IDENTITY = "Mac Developer";
				COPY_PHASE_STRIP = NO;
				DEBUG_INFORMATION_FORMAT = "dwarf-with-dsym";
				ENABLE_NS_ASSERTIONS = NO;
				ENABLE_STRICT_OBJC_MSGSEND = YES;
				GCC_C_LANGUAGE_STANDARD = gnu11;
				GCC_NO_COMMON_BLOCKS = YES;
				GCC_WARN_64_TO_32_BIT_CONVERSION = YES;
				GCC_WARN_ABOUT_RETURN_TYPE = YES_ERROR;
				GCC_WARN_UNDECLARED_SELECTOR = YES;
				GCC_WARN_UNINITIALIZED_AUTOS = YES_AGGRESSIVE;
				GCC_WARN_UNUSED_FUNCTION = YES;
				GCC_WARN_UNUSED_VARIABLE = YES;
				MACOSX_DEPLOYMENT_TARGET = 10.13;
				MTL_ENABLE_DEBUG_INFO = NO;
				SDKROOT = macosx;
				SWIFT_OPTIMIZATION_LEVEL = "-Owholemodule";
			};
			name = Release;
		};
		3280F8D22044DE3F00F94EF8 /* Debug */ = {
			isa = XCBuildConfiguration;
			buildSettings = {
				CODE_SIGN_STYLE = Automatic;
				DEVELOPMENT_TEAM = 4BES6VC9E8;
				PRODUCT_NAME = "$(TARGET_NAME)";
				SWIFT_VERSION = 4.0;
			};
			name = Debug;
		};
		3280F8D32044DE3F00F94EF8 /* Release */ = {
			isa = XCBuildConfiguration;
			buildSettings = {
				CODE_SIGN_STYLE = Automatic;
				DEVELOPMENT_TEAM = 4BES6VC9E8;
				PRODUCT_NAME = "$(TARGET_NAME)";
				SWIFT_VERSION = 4.0;
			};
			name = Release;
		};
/* End XCBuildConfiguration section */

/* Begin XCConfigurationList section */
		3280F8C52044DE3F00F94EF8 /* Build configuration list for PBXProject "GitHubSearchRepository" */ = {
			isa = XCConfigurationList;
			buildConfigurations = (
				3280F8CF2044DE3F00F94EF8 /* Debug */,
				3280F8D02044DE3F00F94EF8 /* Release */,
			);
			defaultConfigurationIsVisible = 0;
			defaultConfigurationName = Release;
		};
		3280F8D12044DE3F00F94EF8 /* Build configuration list for PBXNativeTarget "GitHubSearchRepository" */ = {
			isa = XCConfigurationList;
			buildConfigurations = (
				3280F8D22044DE3F00F94EF8 /* Debug */,
				3280F8D32044DE3F00F94EF8 /* Release */,
			);
			defaultConfigurationIsVisible = 0;
			defaultConfigurationName = Release;
		};
/* End XCConfigurationList section */
	};
	rootObject = 3280F8C22044DE3F00F94EF8 /* Project object */;
}
